
Microsoft Visual Studio Solution File, Format Version 12.00
# Visual Studio Version 17
VisualStudioVersion = 17.11.35303.130
MinimumVisualStudioVersion = 10.0.40219.1
Project("{FAE04EC0-301F-11D3-BF4B-00C04F79EFBC}") = "ConsoleBookStoreGitHub", "ConsoleBookStoreGitHub.csproj", "{9A8C3AE1-8128-4542-8F37-80C506501AA5}"
EndProject
Global
	GlobalSection(SolutionConfigurationPlatforms) = preSolution
		Debug|Any CPU = Debug|Any CPU
		Release|Any CPU = Release|Any CPU
	EndGlobalSection
	GlobalSection(ProjectConfigurationPlatforms) = postSolution
		{9A8C3AE1-8128-4542-8F37-80C506501AA5}.Debug|Any CPU.ActiveCfg = Debug|Any CPU
		{9A8C3AE1-8128-4542-8F37-80C506501AA5}.Debug|Any CPU.Build.0 = Debug|Any CPU
		{9A8C3AE1-8128-4542-8F37-80C506501AA5}.Release|Any CPU.ActiveCfg = Release|Any CPU
		{9A8C3AE1-8128-4542-8F37-80C506501AA5}.Release|Any CPU.Build.0 = Release|Any CPU
	EndGlobalSection
	GlobalSection(SolutionProperties) = preSolution
		HideSolutionNode = FALSE
	EndGlobalSection
	GlobalSection(ExtensibilityGlobals) = postSolution
		SolutionGuid = {59533829-190C-4F68-A750-3A7FE4D240B1}
	EndGlobalSection
EndGlobal
